{
  "object": {
    "pins": [
      {
        "package": "Prelude",
        "repositoryURL": "https://github.com/pointfreeco/swift-prelude.git",
        "state": {
          "branch": "2778d80",
          "revision": "2778d804c6b4c8232cf8dc681b0392dd263db018",
          "version": null
        }
      },
      {
        "package": "SnapshotTesting",
        "repositoryURL": "https://github.com/pointfreeco/swift-snapshot-testing.git",
        "state": {
          "branch": "2c2b390",
          "revision": "2c2b39024a658b5f47a41a26ad5e856ace6a8c7b",
          "version": null
        }
      }
    ]
  },
  "version": 1
}
