{
  "object": {
    "pins": [
      {
        "package": "Prelude",
        "repositoryURL": "https://github.com/pointfreeco/swift-prelude.git",
        "state": {
          "branch": "master",
          "revision": "5bb9f1a5f909ca2d7cad463cebecbf97eb1c648b",
          "version": null
        }
      }
    ]
  },
  "version": 1
}
